// !$*UTF8*$!
{
	archiveVersion = 1;
	classes = {
	};
	objectVersion = 48;
	objects = {

/* Begin PBXBuildFile section */
		06E7AB091BC0114A9302E110 /* Pods_TheListTests.framework in Frameworks */ = {isa = PBXBuildFile; fileRef = 763115FAF0F86716C8283A66 /* Pods_TheListTests.framework */; };
		8B5DADE11D088E84008B7978 /* TLListModel.swift in Sources */ = {isa = PBXBuildFile; fileRef = 8B5DADE01D088E84008B7978 /* TLListModel.swift */; };
		8B5DADE31D08F51D008B7978 /* TLUserModel.swift in Sources */ = {isa = PBXBuildFile; fileRef = 8B5DADE21D08F51D008B7978 /* TLUserModel.swift */; };
		8B9C2FA51CD63F7400547437 /* AppDelegate.swift in Sources */ = {isa = PBXBuildFile; fileRef = 8B9C2FA41CD63F7400547437 /* AppDelegate.swift */; };
		8B9C2FA71CD63F7400547437 /* FirstViewController.swift in Sources */ = {isa = PBXBuildFile; fileRef = 8B9C2FA61CD63F7400547437 /* FirstViewController.swift */; };
		8B9C2FA91CD63F7400547437 /* TLNewListViewController.swift in Sources */ = {isa = PBXBuildFile; fileRef = 8B9C2FA81CD63F7400547437 /* TLNewListViewController.swift */; };
		8B9C2FAC1CD63F7400547437 /* Main.storyboard in Resources */ = {isa = PBXBuildFile; fileRef = 8B9C2FAA1CD63F7400547437 /* Main.storyboard */; };
		8B9C2FAE1CD63F7400547437 /* Assets.xcassets in Resources */ = {isa = PBXBuildFile; fileRef = 8B9C2FAD1CD63F7400547437 /* Assets.xcassets */; };
		8B9C2FB11CD63F7400547437 /* LaunchScreen.storyboard in Resources */ = {isa = PBXBuildFile; fileRef = 8B9C2FAF1CD63F7400547437 /* LaunchScreen.storyboard */; };
		8B9C2FBC1CD63F7400547437 /* TheListTests.swift in Sources */ = {isa = PBXBuildFile; fileRef = 8B9C2FBB1CD63F7400547437 /* TheListTests.swift */; };
		8B9C2FC81CD63F8E00547437 /* CloudKit.framework in Frameworks */ = {isa = PBXBuildFile; fileRef = 8B9C2FC71CD63F8E00547437 /* CloudKit.framework */; };
		BC3978991D1753C300A691BA /* TLSpecificListViewController.swift in Sources */ = {isa = PBXBuildFile; fileRef = BC3978981D1753C300A691BA /* TLSpecificListViewController.swift */; };
		BC6856631D18BFF500EC36DD /* CKRecordExtention.swift in Sources */ = {isa = PBXBuildFile; fileRef = BC6856621D18BFF500EC36DD /* CKRecordExtention.swift */; };
		BC6856651D1A315600EC36DD /* TLCloudKitHelper.swift in Sources */ = {isa = PBXBuildFile; fileRef = BC6856641D1A315600EC36DD /* TLCloudKitHelper.swift */; };
		BC6856671D1A497A00EC36DD /* TLErrorHander.swift in Sources */ = {isa = PBXBuildFile; fileRef = BC6856661D1A497A00EC36DD /* TLErrorHander.swift */; };
		BC6856691D1A4FF900EC36DD /* TLAlertManager.swift in Sources */ = {isa = PBXBuildFile; fileRef = BC6856681D1A4FF900EC36DD /* TLAlertManager.swift */; };
		BC68566B1D1C626800EC36DD /* Slim Joe.otf in Resources */ = {isa = PBXBuildFile; fileRef = BC68566A1D1C626800EC36DD /* Slim Joe.otf */; };
		BC68566F1D21D95500EC36DD /* TLUtilitiesHelper.swift in Sources */ = {isa = PBXBuildFile; fileRef = BC68566E1D21D95500EC36DD /* TLUtilitiesHelper.swift */; };
		BC6856711D220D6C00EC36DD /* TLContactViewController.swift in Sources */ = {isa = PBXBuildFile; fileRef = BC6856701D220D6C00EC36DD /* TLContactViewController.swift */; };
		BCA5B6321D235EEE0072678D /* Add.png in Resources */ = {isa = PBXBuildFile; fileRef = BCA5B62F1D235EEE0072678D /* Add.png */; };
		BCA5B6331D235EEE0072678D /* Add@2x.png in Resources */ = {isa = PBXBuildFile; fileRef = BCA5B6301D235EEE0072678D /* Add@2x.png */; };
		BCA5B6341D235EEE0072678D /* Add@3x.png in Resources */ = {isa = PBXBuildFile; fileRef = BCA5B6311D235EEE0072678D /* Add@3x.png */; };
		BCA5B6371D24907E0072678D /* TLInviteUser.swift in Sources */ = {isa = PBXBuildFile; fileRef = BCA5B6361D24907E0072678D /* TLInviteUser.swift */; };
		E44B1E786920AA5F210B178B /* Pods_TheList.framework in Frameworks */ = {isa = PBXBuildFile; fileRef = E365B92DD92C388B68E6A556 /* Pods_TheList.framework */; };
/* End PBXBuildFile section */

/* Begin PBXContainerItemProxy section */
		8B9C2FB81CD63F7400547437 /* PBXContainerItemProxy */ = {
			isa = PBXContainerItemProxy;
			containerPortal = 8B9C2F991CD63F7300547437 /* Project object */;
			proxyType = 1;
			remoteGlobalIDString = 8B9C2FA01CD63F7300547437;
			remoteInfo = TheList;
		};
/* End PBXContainerItemProxy section */

/* Begin PBXFileReference section */
		2212E461F583A53B0AE6B8DF /* Pods-TheListTests.debug.xcconfig */ = {isa = PBXFileReference; includeInIndex = 1; lastKnownFileType = text.xcconfig; name = "Pods-TheListTests.debug.xcconfig"; path = "Pods/Target Support Files/Pods-TheListTests/Pods-TheListTests.debug.xcconfig"; sourceTree = "<group>"; };
		40203E5A978464335550E2EB /* Pods-TheList.release.xcconfig */ = {isa = PBXFileReference; includeInIndex = 1; lastKnownFileType = text.xcconfig; name = "Pods-TheList.release.xcconfig"; path = "Pods/Target Support Files/Pods-TheList/Pods-TheList.release.xcconfig"; sourceTree = "<group>"; };
		763115FAF0F86716C8283A66 /* Pods_TheListTests.framework */ = {isa = PBXFileReference; explicitFileType = wrapper.framework; includeInIndex = 0; path = Pods_TheListTests.framework; sourceTree = BUILT_PRODUCTS_DIR; };
		8B38CDE924C8C693EE503AB8 /* Pods-TheList.debug.xcconfig */ = {isa = PBXFileReference; includeInIndex = 1; lastKnownFileType = text.xcconfig; name = "Pods-TheList.debug.xcconfig"; path = "Pods/Target Support Files/Pods-TheList/Pods-TheList.debug.xcconfig"; sourceTree = "<group>"; };
		8B5DADE01D088E84008B7978 /* TLListModel.swift */ = {isa = PBXFileReference; fileEncoding = 4; lastKnownFileType = sourcecode.swift; path = TLListModel.swift; sourceTree = "<group>"; };
		8B5DADE21D08F51D008B7978 /* TLUserModel.swift */ = {isa = PBXFileReference; fileEncoding = 4; lastKnownFileType = sourcecode.swift; path = TLUserModel.swift; sourceTree = "<group>"; };
		8B9C2FA11CD63F7300547437 /* TheList.app */ = {isa = PBXFileReference; explicitFileType = wrapper.application; includeInIndex = 0; path = TheList.app; sourceTree = BUILT_PRODUCTS_DIR; };
		8B9C2FA41CD63F7400547437 /* AppDelegate.swift */ = {isa = PBXFileReference; lastKnownFileType = sourcecode.swift; path = AppDelegate.swift; sourceTree = "<group>"; };
		8B9C2FA61CD63F7400547437 /* FirstViewController.swift */ = {isa = PBXFileReference; lastKnownFileType = sourcecode.swift; path = FirstViewController.swift; sourceTree = "<group>"; };
		8B9C2FA81CD63F7400547437 /* TLNewListViewController.swift */ = {isa = PBXFileReference; lastKnownFileType = sourcecode.swift; path = TLNewListViewController.swift; sourceTree = "<group>"; };
		8B9C2FAB1CD63F7400547437 /* Base */ = {isa = PBXFileReference; lastKnownFileType = file.storyboard; name = Base; path = Base.lproj/Main.storyboard; sourceTree = "<group>"; };
		8B9C2FAD1CD63F7400547437 /* Assets.xcassets */ = {isa = PBXFileReference; lastKnownFileType = folder.assetcatalog; path = Assets.xcassets; sourceTree = "<group>"; };
		8B9C2FB01CD63F7400547437 /* Base */ = {isa = PBXFileReference; lastKnownFileType = file.storyboard; name = Base; path = Base.lproj/LaunchScreen.storyboard; sourceTree = "<group>"; };
		8B9C2FB21CD63F7400547437 /* Info.plist */ = {isa = PBXFileReference; lastKnownFileType = text.plist.xml; path = Info.plist; sourceTree = "<group>"; };
		8B9C2FB71CD63F7400547437 /* TheListTests.xctest */ = {isa = PBXFileReference; explicitFileType = wrapper.cfbundle; includeInIndex = 0; path = TheListTests.xctest; sourceTree = BUILT_PRODUCTS_DIR; };
		8B9C2FBB1CD63F7400547437 /* TheListTests.swift */ = {isa = PBXFileReference; lastKnownFileType = sourcecode.swift; path = TheListTests.swift; sourceTree = "<group>"; };
		8B9C2FBD1CD63F7400547437 /* Info.plist */ = {isa = PBXFileReference; lastKnownFileType = text.plist.xml; path = Info.plist; sourceTree = "<group>"; };
		8B9C2FC61CD63F8B00547437 /* TheList.entitlements */ = {isa = PBXFileReference; lastKnownFileType = text.xml; path = TheList.entitlements; sourceTree = "<group>"; };
		8B9C2FC71CD63F8E00547437 /* CloudKit.framework */ = {isa = PBXFileReference; lastKnownFileType = wrapper.framework; name = CloudKit.framework; path = System/Library/Frameworks/CloudKit.framework; sourceTree = SDKROOT; };
		BB68FE081B26A9C9D01CD722 /* Pods-TheListTests.release.xcconfig */ = {isa = PBXFileReference; includeInIndex = 1; lastKnownFileType = text.xcconfig; name = "Pods-TheListTests.release.xcconfig"; path = "Pods/Target Support Files/Pods-TheListTests/Pods-TheListTests.release.xcconfig"; sourceTree = "<group>"; };
		BC3978981D1753C300A691BA /* TLSpecificListViewController.swift */ = {isa = PBXFileReference; fileEncoding = 4; lastKnownFileType = sourcecode.swift; path = TLSpecificListViewController.swift; sourceTree = "<group>"; };
		BC6856621D18BFF500EC36DD /* CKRecordExtention.swift */ = {isa = PBXFileReference; fileEncoding = 4; lastKnownFileType = sourcecode.swift; path = CKRecordExtention.swift; sourceTree = "<group>"; };
		BC6856641D1A315600EC36DD /* TLCloudKitHelper.swift */ = {isa = PBXFileReference; fileEncoding = 4; lastKnownFileType = sourcecode.swift; path = TLCloudKitHelper.swift; sourceTree = "<group>"; };
		BC6856661D1A497A00EC36DD /* TLErrorHander.swift */ = {isa = PBXFileReference; fileEncoding = 4; lastKnownFileType = sourcecode.swift; path = TLErrorHander.swift; sourceTree = "<group>"; };
		BC6856681D1A4FF900EC36DD /* TLAlertManager.swift */ = {isa = PBXFileReference; fileEncoding = 4; lastKnownFileType = sourcecode.swift; path = TLAlertManager.swift; sourceTree = "<group>"; };
		BC68566A1D1C626800EC36DD /* Slim Joe.otf */ = {isa = PBXFileReference; lastKnownFileType = file; path = "Slim Joe.otf"; sourceTree = "<group>"; };
		BC68566D1D21B1AB00EC36DD /* Big John.otf */ = {isa = PBXFileReference; lastKnownFileType = file; path = "Big John.otf"; sourceTree = "<group>"; };
		BC68566E1D21D95500EC36DD /* TLUtilitiesHelper.swift */ = {isa = PBXFileReference; fileEncoding = 4; lastKnownFileType = sourcecode.swift; path = TLUtilitiesHelper.swift; sourceTree = "<group>"; };
		BC6856701D220D6C00EC36DD /* TLContactViewController.swift */ = {isa = PBXFileReference; fileEncoding = 4; lastKnownFileType = sourcecode.swift; path = TLContactViewController.swift; sourceTree = "<group>"; };
		BCA5B62F1D235EEE0072678D /* Add.png */ = {isa = PBXFileReference; lastKnownFileType = image.png; path = Add.png; sourceTree = "<group>"; };
		BCA5B6301D235EEE0072678D /* Add@2x.png */ = {isa = PBXFileReference; lastKnownFileType = image.png; path = "Add@2x.png"; sourceTree = "<group>"; };
		BCA5B6311D235EEE0072678D /* Add@3x.png */ = {isa = PBXFileReference; lastKnownFileType = image.png; path = "Add@3x.png"; sourceTree = "<group>"; };
		BCA5B6361D24907E0072678D /* TLInviteUser.swift */ = {isa = PBXFileReference; fileEncoding = 4; lastKnownFileType = sourcecode.swift; path = TLInviteUser.swift; sourceTree = "<group>"; };
		BCCBB53E1DB1B4A300FD75E3 /* IQKeyboardManagerSwift.framework */ = {isa = PBXFileReference; lastKnownFileType = wrapper.framework; name = IQKeyboardManagerSwift.framework; path = "../../Library/Developer/Xcode/DerivedData/TheList-axyjsjqcdzqdndgolfzvmsdnhyrx/Build/Products/Debug-iphoneos/IQKeyboardManagerSwift/IQKeyboardManagerSwift.framework"; sourceTree = "<group>"; };
		E365B92DD92C388B68E6A556 /* Pods_TheList.framework */ = {isa = PBXFileReference; explicitFileType = wrapper.framework; includeInIndex = 0; path = Pods_TheList.framework; sourceTree = BUILT_PRODUCTS_DIR; };
/* End PBXFileReference section */

/* Begin PBXFrameworksBuildPhase section */
		8B9C2F9E1CD63F7300547437 /* Frameworks */ = {
			isa = PBXFrameworksBuildPhase;
			buildActionMask = 2147483647;
			files = (
				8B9C2FC81CD63F8E00547437 /* CloudKit.framework in Frameworks */,
				E44B1E786920AA5F210B178B /* Pods_TheList.framework in Frameworks */,
			);
			runOnlyForDeploymentPostprocessing = 0;
		};
		8B9C2FB41CD63F7400547437 /* Frameworks */ = {
			isa = PBXFrameworksBuildPhase;
			buildActionMask = 2147483647;
			files = (
				06E7AB091BC0114A9302E110 /* Pods_TheListTests.framework in Frameworks */,
			);
			runOnlyForDeploymentPostprocessing = 0;
		};
/* End PBXFrameworksBuildPhase section */

/* Begin PBXGroup section */
		16FA8A750B080A6AAE40F601 /* Pods */ = {
			isa = PBXGroup;
			children = (
				8B38CDE924C8C693EE503AB8 /* Pods-TheList.debug.xcconfig */,
				40203E5A978464335550E2EB /* Pods-TheList.release.xcconfig */,
				2212E461F583A53B0AE6B8DF /* Pods-TheListTests.debug.xcconfig */,
				BB68FE081B26A9C9D01CD722 /* Pods-TheListTests.release.xcconfig */,
			);
			name = Pods;
			sourceTree = "<group>";
		};
		8B5650021CE1BF0000E740A3 /* Models */ = {
			isa = PBXGroup;
			children = (
				8B5DADE21D08F51D008B7978 /* TLUserModel.swift */,
				8B5DADE01D088E84008B7978 /* TLListModel.swift */,
			);
			name = Models;
			sourceTree = "<group>";
		};
		8B9C2F981CD63F7300547437 = {
			isa = PBXGroup;
			children = (
				8B9C2FC71CD63F8E00547437 /* CloudKit.framework */,
				8B9C2FA31CD63F7400547437 /* TheList */,
				8B9C2FBA1CD63F7400547437 /* TheListTests */,
				8B9C2FA21CD63F7300547437 /* Products */,
				16FA8A750B080A6AAE40F601 /* Pods */,
				A510DF6C49ACE16272F618FE /* Frameworks */,
			);
			sourceTree = "<group>";
		};
		8B9C2FA21CD63F7300547437 /* Products */ = {
			isa = PBXGroup;
			children = (
				8B9C2FA11CD63F7300547437 /* TheList.app */,
				8B9C2FB71CD63F7400547437 /* TheListTests.xctest */,
			);
			name = Products;
			sourceTree = "<group>";
		};
		8B9C2FA31CD63F7400547437 /* TheList */ = {
			isa = PBXGroup;
			children = (
				BCA5B62E1D235EEE0072678D /* Images */,
				BC68566C1D1C626C00EC36DD /* Fonts */,
				8B9C2FC61CD63F8B00547437 /* TheList.entitlements */,
				8B9C2FA41CD63F7400547437 /* AppDelegate.swift */,
				BC6856731D220D9100EC36DD /* View Controllers */,
				8B9C2FAA1CD63F7400547437 /* Main.storyboard */,
				8B9C2FAD1CD63F7400547437 /* Assets.xcassets */,
				8B9C2FAF1CD63F7400547437 /* LaunchScreen.storyboard */,
				8B9C2FB21CD63F7400547437 /* Info.plist */,
				8B5650021CE1BF0000E740A3 /* Models */,
				BC6856721D220D7A00EC36DD /* Utilities */,
			);
			path = TheList;
			sourceTree = "<group>";
		};
		8B9C2FBA1CD63F7400547437 /* TheListTests */ = {
			isa = PBXGroup;
			children = (
				8B9C2FBB1CD63F7400547437 /* TheListTests.swift */,
				8B9C2FBD1CD63F7400547437 /* Info.plist */,
			);
			path = TheListTests;
			sourceTree = "<group>";
		};
		A510DF6C49ACE16272F618FE /* Frameworks */ = {
			isa = PBXGroup;
			children = (
				BCCBB53E1DB1B4A300FD75E3 /* IQKeyboardManagerSwift.framework */,
				E365B92DD92C388B68E6A556 /* Pods_TheList.framework */,
				763115FAF0F86716C8283A66 /* Pods_TheListTests.framework */,
			);
			name = Frameworks;
			sourceTree = "<group>";
		};
		BC68566C1D1C626C00EC36DD /* Fonts */ = {
			isa = PBXGroup;
			children = (
				BC68566D1D21B1AB00EC36DD /* Big John.otf */,
				BC68566A1D1C626800EC36DD /* Slim Joe.otf */,
			);
			name = Fonts;
			sourceTree = "<group>";
		};
		BC6856721D220D7A00EC36DD /* Utilities */ = {
			isa = PBXGroup;
			children = (
				BC6856621D18BFF500EC36DD /* CKRecordExtention.swift */,
				BC6856641D1A315600EC36DD /* TLCloudKitHelper.swift */,
				BC6856661D1A497A00EC36DD /* TLErrorHander.swift */,
				BC6856681D1A4FF900EC36DD /* TLAlertManager.swift */,
				BC68566E1D21D95500EC36DD /* TLUtilitiesHelper.swift */,
			);
			name = Utilities;
			sourceTree = "<group>";
		};
		BC6856731D220D9100EC36DD /* View Controllers */ = {
			isa = PBXGroup;
			children = (
				8B9C2FA61CD63F7400547437 /* FirstViewController.swift */,
				8B9C2FA81CD63F7400547437 /* TLNewListViewController.swift */,
				BC6856701D220D6C00EC36DD /* TLContactViewController.swift */,
				BC3978981D1753C300A691BA /* TLSpecificListViewController.swift */,
				BCA5B6361D24907E0072678D /* TLInviteUser.swift */,
			);
			name = "View Controllers";
			sourceTree = "<group>";
		};
		BCA5B62E1D235EEE0072678D /* Images */ = {
			isa = PBXGroup;
			children = (
				BCA5B6351D2360C20072678D /* Plus Icon */,
			);
			path = Images;
			sourceTree = "<group>";
		};
		BCA5B6351D2360C20072678D /* Plus Icon */ = {
			isa = PBXGroup;
			children = (
				BCA5B62F1D235EEE0072678D /* Add.png */,
				BCA5B6301D235EEE0072678D /* Add@2x.png */,
				BCA5B6311D235EEE0072678D /* Add@3x.png */,
			);
			name = "Plus Icon";
			sourceTree = "<group>";
		};
/* End PBXGroup section */

/* Begin PBXNativeTarget section */
		8B9C2FA01CD63F7300547437 /* TheList */ = {
			isa = PBXNativeTarget;
			buildConfigurationList = 8B9C2FC01CD63F7400547437 /* Build configuration list for PBXNativeTarget "TheList" */;
			buildPhases = (
				648AB5474C9DDCDCC4ED9EAA /* [CP] Check Pods Manifest.lock */,
				8B9C2F9D1CD63F7300547437 /* Sources */,
				8B9C2F9E1CD63F7300547437 /* Frameworks */,
				8B9C2F9F1CD63F7300547437 /* Resources */,
				CFE550A4D864A2746B156B5D /* [CP] Embed Pods Frameworks */,
				C72A27FB9FBAEE5551C7A677 /* [CP] Copy Pods Resources */,
			);
			buildRules = (
			);
			dependencies = (
			);
			name = TheList;
			productName = TheList;
			productReference = 8B9C2FA11CD63F7300547437 /* TheList.app */;
			productType = "com.apple.product-type.application";
		};
		8B9C2FB61CD63F7400547437 /* TheListTests */ = {
			isa = PBXNativeTarget;
			buildConfigurationList = 8B9C2FC31CD63F7400547437 /* Build configuration list for PBXNativeTarget "TheListTests" */;
			buildPhases = (
				E565B8163C2A0A733413BED7 /* [CP] Check Pods Manifest.lock */,
				8B9C2FB31CD63F7400547437 /* Sources */,
				8B9C2FB41CD63F7400547437 /* Frameworks */,
				8B9C2FB51CD63F7400547437 /* Resources */,
				CA1499F4F9EADBDDBDE76931 /* [CP] Embed Pods Frameworks */,
				602B459B57366B30C64F9C2B /* [CP] Copy Pods Resources */,
			);
			buildRules = (
			);
			dependencies = (
				8B9C2FB91CD63F7400547437 /* PBXTargetDependency */,
			);
			name = TheListTests;
			productName = TheListTests;
			productReference = 8B9C2FB71CD63F7400547437 /* TheListTests.xctest */;
			productType = "com.apple.product-type.bundle.unit-test";
		};
/* End PBXNativeTarget section */

/* Begin PBXProject section */
		8B9C2F991CD63F7300547437 /* Project object */ = {
			isa = PBXProject;
			attributes = {
				LastSwiftUpdateCheck = 0730;
				LastUpgradeCheck = 0800;
				ORGANIZATIONNAME = "Blaine Anderson";
				TargetAttributes = {
					8B9C2FA01CD63F7300547437 = {
						CreatedOnToolsVersion = 7.3;
						DevelopmentTeam = 845N42ALZV;
						LastSwiftMigration = 0800;
						SystemCapabilities = {
							com.apple.iCloud = {
								enabled = 1;
							};
						};
					};
					8B9C2FB61CD63F7400547437 = {
						CreatedOnToolsVersion = 7.3;
						LastSwiftMigration = 0800;
						TestTargetID = 8B9C2FA01CD63F7300547437;
					};
				};
			};
			buildConfigurationList = 8B9C2F9C1CD63F7300547437 /* Build configuration list for PBXProject "TheList" */;
			compatibilityVersion = "Xcode 8.0";
			developmentRegion = English;
			hasScannedForEncodings = 0;
			knownRegions = (
				en,
				Base,
			);
			mainGroup = 8B9C2F981CD63F7300547437;
			productRefGroup = 8B9C2FA21CD63F7300547437 /* Products */;
			projectDirPath = "";
			projectRoot = "";
			targets = (
				8B9C2FA01CD63F7300547437 /* TheList */,
				8B9C2FB61CD63F7400547437 /* TheListTests */,
			);
		};
/* End PBXProject section */

/* Begin PBXResourcesBuildPhase section */
		8B9C2F9F1CD63F7300547437 /* Resources */ = {
			isa = PBXResourcesBuildPhase;
			buildActionMask = 2147483647;
			files = (
				8B9C2FB11CD63F7400547437 /* LaunchScreen.storyboard in Resources */,
				BCA5B6321D235EEE0072678D /* Add.png in Resources */,
				BCA5B6331D235EEE0072678D /* Add@2x.png in Resources */,
				BCA5B6341D235EEE0072678D /* Add@3x.png in Resources */,
				8B9C2FAE1CD63F7400547437 /* Assets.xcassets in Resources */,
				BC68566B1D1C626800EC36DD /* Slim Joe.otf in Resources */,
				8B9C2FAC1CD63F7400547437 /* Main.storyboard in Resources */,
			);
			runOnlyForDeploymentPostprocessing = 0;
		};
		8B9C2FB51CD63F7400547437 /* Resources */ = {
			isa = PBXResourcesBuildPhase;
			buildActionMask = 2147483647;
			files = (
			);
			runOnlyForDeploymentPostprocessing = 0;
		};
/* End PBXResourcesBuildPhase section */

/* Begin PBXShellScriptBuildPhase section */
		602B459B57366B30C64F9C2B /* [CP] Copy Pods Resources */ = {
			isa = PBXShellScriptBuildPhase;
			buildActionMask = 2147483647;
			files = (
			);
			inputPaths = (
			);
			name = "[CP] Copy Pods Resources";
			outputPaths = (
			);
			runOnlyForDeploymentPostprocessing = 0;
			shellPath = /bin/sh;
			shellScript = "\"${SRCROOT}/Pods/Target Support Files/Pods-TheListTests/Pods-TheListTests-resources.sh\"\n";
			showEnvVarsInLog = 0;
		};
		648AB5474C9DDCDCC4ED9EAA /* [CP] Check Pods Manifest.lock */ = {
			isa = PBXShellScriptBuildPhase;
			buildActionMask = 2147483647;
			files = (
			);
			inputPaths = (
			);
			name = "[CP] Check Pods Manifest.lock";
			outputPaths = (
			);
			runOnlyForDeploymentPostprocessing = 0;
			shellPath = /bin/sh;
			shellScript = "diff \"${PODS_ROOT}/../Podfile.lock\" \"${PODS_ROOT}/Manifest.lock\" > /dev/null\nif [[ $? != 0 ]] ; then\n    cat << EOM\nerror: The sandbox is not in sync with the Podfile.lock. Run 'pod install' or update your CocoaPods installation.\nEOM\n    exit 1\nfi\n";
			showEnvVarsInLog = 0;
		};
		C72A27FB9FBAEE5551C7A677 /* [CP] Copy Pods Resources */ = {
			isa = PBXShellScriptBuildPhase;
			buildActionMask = 2147483647;
			files = (
			);
			inputPaths = (
			);
			name = "[CP] Copy Pods Resources";
			outputPaths = (
			);
			runOnlyForDeploymentPostprocessing = 0;
			shellPath = /bin/sh;
			shellScript = "\"${SRCROOT}/Pods/Target Support Files/Pods-TheList/Pods-TheList-resources.sh\"\n";
			showEnvVarsInLog = 0;
		};
		CA1499F4F9EADBDDBDE76931 /* [CP] Embed Pods Frameworks */ = {
			isa = PBXShellScriptBuildPhase;
			buildActionMask = 2147483647;
			files = (
			);
			inputPaths = (
			);
			name = "[CP] Embed Pods Frameworks";
			outputPaths = (
			);
			runOnlyForDeploymentPostprocessing = 0;
			shellPath = /bin/sh;
			shellScript = "\"${SRCROOT}/Pods/Target Support Files/Pods-TheListTests/Pods-TheListTests-frameworks.sh\"\n";
			showEnvVarsInLog = 0;
		};
		CFE550A4D864A2746B156B5D /* [CP] Embed Pods Frameworks */ = {
			isa = PBXShellScriptBuildPhase;
			buildActionMask = 2147483647;
			files = (
			);
			inputPaths = (
			);
			name = "[CP] Embed Pods Frameworks";
			outputPaths = (
			);
			runOnlyForDeploymentPostprocessing = 0;
			shellPath = /bin/sh;
			shellScript = "\"${SRCROOT}/Pods/Target Support Files/Pods-TheList/Pods-TheList-frameworks.sh\"\n";
			showEnvVarsInLog = 0;
		};
		E565B8163C2A0A733413BED7 /* [CP] Check Pods Manifest.lock */ = {
			isa = PBXShellScriptBuildPhase;
			buildActionMask = 2147483647;
			files = (
			);
			inputPaths = (
			);
			name = "[CP] Check Pods Manifest.lock";
			outputPaths = (
			);
			runOnlyForDeploymentPostprocessing = 0;
			shellPath = /bin/sh;
			shellScript = "diff \"${PODS_ROOT}/../Podfile.lock\" \"${PODS_ROOT}/Manifest.lock\" > /dev/null\nif [[ $? != 0 ]] ; then\n    cat << EOM\nerror: The sandbox is not in sync with the Podfile.lock. Run 'pod install' or update your CocoaPods installation.\nEOM\n    exit 1\nfi\n";
			showEnvVarsInLog = 0;
		};
/* End PBXShellScriptBuildPhase section */

/* Begin PBXSourcesBuildPhase section */
		8B9C2F9D1CD63F7300547437 /* Sources */ = {
			isa = PBXSourcesBuildPhase;
			buildActionMask = 2147483647;
			files = (
				BC6856711D220D6C00EC36DD /* TLContactViewController.swift in Sources */,
				BC6856651D1A315600EC36DD /* TLCloudKitHelper.swift in Sources */,
				BC6856631D18BFF500EC36DD /* CKRecordExtention.swift in Sources */,
				BC6856691D1A4FF900EC36DD /* TLAlertManager.swift in Sources */,
				BC68566F1D21D95500EC36DD /* TLUtilitiesHelper.swift in Sources */,
				8B9C2FA91CD63F7400547437 /* TLNewListViewController.swift in Sources */,
				8B9C2FA51CD63F7400547437 /* AppDelegate.swift in Sources */,
				BCA5B6371D24907E0072678D /* TLInviteUser.swift in Sources */,
				8B5DADE11D088E84008B7978 /* TLListModel.swift in Sources */,
				8B5DADE31D08F51D008B7978 /* TLUserModel.swift in Sources */,
				BC3978991D1753C300A691BA /* TLSpecificListViewController.swift in Sources */,
				BC6856671D1A497A00EC36DD /* TLErrorHander.swift in Sources */,
				8B9C2FA71CD63F7400547437 /* FirstViewController.swift in Sources */,
			);
			runOnlyForDeploymentPostprocessing = 0;
		};
		8B9C2FB31CD63F7400547437 /* Sources */ = {
			isa = PBXSourcesBuildPhase;
			buildActionMask = 2147483647;
			files = (
				8B9C2FBC1CD63F7400547437 /* TheListTests.swift in Sources */,
			);
			runOnlyForDeploymentPostprocessing = 0;
		};
/* End PBXSourcesBuildPhase section */

/* Begin PBXTargetDependency section */
		8B9C2FB91CD63F7400547437 /* PBXTargetDependency */ = {
			isa = PBXTargetDependency;
			target = 8B9C2FA01CD63F7300547437 /* TheList */;
			targetProxy = 8B9C2FB81CD63F7400547437 /* PBXContainerItemProxy */;
		};
/* End PBXTargetDependency section */

/* Begin PBXVariantGroup section */
		8B9C2FAA1CD63F7400547437 /* Main.storyboard */ = {
			isa = PBXVariantGroup;
			children = (
				8B9C2FAB1CD63F7400547437 /* Base */,
			);
			name = Main.storyboard;
			sourceTree = "<group>";
		};
		8B9C2FAF1CD63F7400547437 /* LaunchScreen.storyboard */ = {
			isa = PBXVariantGroup;
			children = (
				8B9C2FB01CD63F7400547437 /* Base */,
			);
			name = LaunchScreen.storyboard;
			sourceTree = "<group>";
		};
/* End PBXVariantGroup section */

/* Begin XCBuildConfiguration section */
		8B9C2FBE1CD63F7400547437 /* Debug */ = {
			isa = XCBuildConfiguration;
			buildSettings = {
				ALWAYS_SEARCH_USER_PATHS = NO;
				CLANG_ANALYZER_NONNULL = YES;
				CLANG_CXX_LANGUAGE_STANDARD = "gnu++0x";
				CLANG_CXX_LIBRARY = "libc++";
				CLANG_ENABLE_MODULES = YES;
				CLANG_ENABLE_OBJC_ARC = YES;
				CLANG_WARN_BOOL_CONVERSION = YES;
				CLANG_WARN_CONSTANT_CONVERSION = YES;
				CLANG_WARN_DIRECT_OBJC_ISA_USAGE = YES_ERROR;
				CLANG_WARN_EMPTY_BODY = YES;
				CLANG_WARN_ENUM_CONVERSION = YES;
				CLANG_WARN_INFINITE_RECURSION = YES;
				CLANG_WARN_INT_CONVERSION = YES;
				CLANG_WARN_OBJC_ROOT_CLASS = YES_ERROR;
				CLANG_WARN_SUSPICIOUS_MOVE = YES;
				CLANG_WARN_UNREACHABLE_CODE = YES;
				CLANG_WARN__DUPLICATE_METHOD_MATCH = YES;
				"CODE_SIGN_IDENTITY[sdk=iphoneos*]" = "iPhone Developer";
				COPY_PHASE_STRIP = NO;
				DEBUG_INFORMATION_FORMAT = dwarf;
				ENABLE_STRICT_OBJC_MSGSEND = YES;
				ENABLE_TESTABILITY = YES;
				GCC_C_LANGUAGE_STANDARD = gnu99;
				GCC_DYNAMIC_NO_PIC = NO;
				GCC_NO_COMMON_BLOCKS = YES;
				GCC_OPTIMIZATION_LEVEL = 0;
				GCC_PREPROCESSOR_DEFINITIONS = (
					"DEBUG=1",
					"$(inherited)",
				);
				GCC_WARN_64_TO_32_BIT_CONVERSION = YES;
				GCC_WARN_ABOUT_RETURN_TYPE = YES_ERROR;
				GCC_WARN_UNDECLARED_SELECTOR = YES;
				GCC_WARN_UNINITIALIZED_AUTOS = YES_AGGRESSIVE;
				GCC_WARN_UNUSED_FUNCTION = YES;
				GCC_WARN_UNUSED_VARIABLE = YES;
				IPHONEOS_DEPLOYMENT_TARGET = 9.3;
				MTL_ENABLE_DEBUG_INFO = YES;
				ONLY_ACTIVE_ARCH = YES;
				SDKROOT = iphoneos;
				SWIFT_OPTIMIZATION_LEVEL = "-Onone";
				SWIFT_VERSION = 3.0;
				"SWIFT_VERSION[arch=*]" = 3.0;
			};
			name = Debug;
		};
		8B9C2FBF1CD63F7400547437 /* Release */ = {
			isa = XCBuildConfiguration;
			buildSettings = {
				ALWAYS_SEARCH_USER_PATHS = NO;
				CLANG_ANALYZER_NONNULL = YES;
				CLANG_CXX_LANGUAGE_STANDARD = "gnu++0x";
				CLANG_CXX_LIBRARY = "libc++";
				CLANG_ENABLE_MODULES = YES;
				CLANG_ENABLE_OBJC_ARC = YES;
				CLANG_WARN_BOOL_CONVERSION = YES;
				CLANG_WARN_CONSTANT_CONVERSION = YES;
				CLANG_WARN_DIRECT_OBJC_ISA_USAGE = YES_ERROR;
				CLANG_WARN_EMPTY_BODY = YES;
				CLANG_WARN_ENUM_CONVERSION = YES;
				CLANG_WARN_INFINITE_RECURSION = YES;
				CLANG_WARN_INT_CONVERSION = YES;
				CLANG_WARN_OBJC_ROOT_CLASS = YES_ERROR;
				CLANG_WARN_SUSPICIOUS_MOVE = YES;
				CLANG_WARN_UNREACHABLE_CODE = YES;
				CLANG_WARN__DUPLICATE_METHOD_MATCH = YES;
				"CODE_SIGN_IDENTITY[sdk=iphoneos*]" = "iPhone Developer";
				COPY_PHASE_STRIP = NO;
				DEBUG_INFORMATION_FORMAT = "dwarf-with-dsym";
				ENABLE_NS_ASSERTIONS = NO;
				ENABLE_STRICT_OBJC_MSGSEND = YES;
				GCC_C_LANGUAGE_STANDARD = gnu99;
				GCC_NO_COMMON_BLOCKS = YES;
				GCC_WARN_64_TO_32_BIT_CONVERSION = YES;
				GCC_WARN_ABOUT_RETURN_TYPE = YES_ERROR;
				GCC_WARN_UNDECLARED_SELECTOR = YES;
				GCC_WARN_UNINITIALIZED_AUTOS = YES_AGGRESSIVE;
				GCC_WARN_UNUSED_FUNCTION = YES;
				GCC_WARN_UNUSED_VARIABLE = YES;
				IPHONEOS_DEPLOYMENT_TARGET = 9.3;
				MTL_ENABLE_DEBUG_INFO = NO;
				SDKROOT = iphoneos;
				SWIFT_OPTIMIZATION_LEVEL = "-Owholemodule";
				SWIFT_VERSION = 3.0;
				VALIDATE_PRODUCT = YES;
			};
			name = Release;
		};
		8B9C2FC11CD63F7400547437 /* Debug */ = {
			isa = XCBuildConfiguration;
			baseConfigurationReference = 8B38CDE924C8C693EE503AB8 /* Pods-TheList.debug.xcconfig */;
			buildSettings = {
				ALWAYS_EMBED_SWIFT_STANDARD_LIBRARIES = YES;
				ASSETCATALOG_COMPILER_APPICON_NAME = AppIcon;
				CODE_SIGN_ENTITLEMENTS = TheList/TheList.entitlements;
				INFOPLIST_FILE = TheList/Info.plist;
				LD_RUNPATH_SEARCH_PATHS = "$(inherited) @executable_path/Frameworks";
				OTHER_SWIFT_FLAGS = "$(inherited) \"-D\" \"COCOAPODS\" -DDEBUG";
				PRODUCT_BUNDLE_IDENTIFIER = BlaineAnderson.TheList;
				PRODUCT_NAME = "$(TARGET_NAME)";
				SWIFT_VERSION = 3.0;
				"SWIFT_VERSION[arch=*]" = 3.0;
			};
			name = Debug;
		};
		8B9C2FC21CD63F7400547437 /* Release */ = {
			isa = XCBuildConfiguration;
			baseConfigurationReference = 40203E5A978464335550E2EB /* Pods-TheList.release.xcconfig */;
			buildSettings = {
				ALWAYS_EMBED_SWIFT_STANDARD_LIBRARIES = YES;
				ASSETCATALOG_COMPILER_APPICON_NAME = AppIcon;
				CODE_SIGN_ENTITLEMENTS = TheList/TheList.entitlements;
				INFOPLIST_FILE = TheList/Info.plist;
				LD_RUNPATH_SEARCH_PATHS = "$(inherited) @executable_path/Frameworks";
				PRODUCT_BUNDLE_IDENTIFIER = BlaineAnderson.TheList;
				PRODUCT_NAME = "$(TARGET_NAME)";
				SWIFT_VERSION = 3.0;
			};
			name = Release;
		};
		8B9C2FC41CD63F7400547437 /* Debug */ = {
			isa = XCBuildConfiguration;
			baseConfigurationReference = 2212E461F583A53B0AE6B8DF /* Pods-TheListTests.debug.xcconfig */;
			buildSettings = {
				BUNDLE_LOADER = "$(TEST_HOST)";
				INFOPLIST_FILE = TheListTests/Info.plist;
				LD_RUNPATH_SEARCH_PATHS = "$(inherited) @executable_path/Frameworks @loader_path/Frameworks";
				PRODUCT_BUNDLE_IDENTIFIER = BlaineAnderson.TheListTests;
				PRODUCT_NAME = "$(TARGET_NAME)";
				SWIFT_VERSION = 3.0;
				TEST_HOST = "$(BUILT_PRODUCTS_DIR)/TheList.app/TheList";
			};
			name = Debug;
		};
		8B9C2FC51CD63F7400547437 /* Release */ = {
			isa = XCBuildConfiguration;
			baseConfigurationReference = BB68FE081B26A9C9D01CD722 /* Pods-TheListTests.release.xcconfig */;
			buildSettings = {
				BUNDLE_LOADER = "$(TEST_HOST)";
				INFOPLIST_FILE = TheListTests/Info.plist;
				LD_RUNPATH_SEARCH_PATHS = "$(inherited) @executable_path/Frameworks @loader_path/Frameworks";
				PRODUCT_BUNDLE_IDENTIFIER = BlaineAnderson.TheListTests;
				PRODUCT_NAME = "$(TARGET_NAME)";
				SWIFT_VERSION = 3.0;
				TEST_HOST = "$(BUILT_PRODUCTS_DIR)/TheList.app/TheList";
			};
			name = Release;
		};
/* End XCBuildConfiguration section */

/* Begin XCConfigurationList section */
		8B9C2F9C1CD63F7300547437 /* Build configuration list for PBXProject "TheList" */ = {
			isa = XCConfigurationList;
			buildConfigurations = (
				8B9C2FBE1CD63F7400547437 /* Debug */,
				8B9C2FBF1CD63F7400547437 /* Release */,
			);
			defaultConfigurationIsVisible = 0;
			defaultConfigurationName = Release;
		};
		8B9C2FC01CD63F7400547437 /* Build configuration list for PBXNativeTarget "TheList" */ = {
			isa = XCConfigurationList;
			buildConfigurations = (
				8B9C2FC11CD63F7400547437 /* Debug */,
				8B9C2FC21CD63F7400547437 /* Release */,
			);
			defaultConfigurationIsVisible = 0;
			defaultConfigurationName = Release;
		};
		8B9C2FC31CD63F7400547437 /* Build configuration list for PBXNativeTarget "TheListTests" */ = {
			isa = XCConfigurationList;
			buildConfigurations = (
				8B9C2FC41CD63F7400547437 /* Debug */,
				8B9C2FC51CD63F7400547437 /* Release */,
			);
			defaultConfigurationIsVisible = 0;
			defaultConfigurationName = Release;
		};
/* End XCConfigurationList section */
	};
	rootObject = 8B9C2F991CD63F7300547437 /* Project object */;
}
